
Microsoft Visual Studio Solution File, Format Version 12.00
# Visual Studio Version 16
VisualStudioVersion = 16.0.30611.23
MinimumVisualStudioVersion = 10.0.40219.1
Project("{FAE04EC0-301F-11D3-BF4B-00C04F79EFBC}") = "HOLE FOODS", "HOLE FOODS\HOLE FOODS.csproj", "{BE4DB5C8-AA9F-480A-BCD6-39C16CDE4EED}"
EndProject
Global
	GlobalSection(SolutionConfigurationPlatforms) = preSolution
		Debug|Any CPU = Debug|Any CPU
		Release|Any CPU = Release|Any CPU
	EndGlobalSection
	GlobalSection(ProjectConfigurationPlatforms) = postSolution
		{BE4DB5C8-AA9F-480A-BCD6-39C16CDE4EED}.Debug|Any CPU.ActiveCfg = Debug|Any CPU
		{BE4DB5C8-AA9F-480A-BCD6-39C16CDE4EED}.Debug|Any CPU.Build.0 = Debug|Any CPU
		{BE4DB5C8-AA9F-480A-BCD6-39C16CDE4EED}.Release|Any CPU.ActiveCfg = Release|Any CPU
		{BE4DB5C8-AA9F-480A-BCD6-39C16CDE4EED}.Release|Any CPU.Build.0 = Release|Any CPU
	EndGlobalSection
	GlobalSection(SolutionProperties) = preSolution
		HideSolutionNode = FALSE
	EndGlobalSection
	GlobalSection(ExtensibilityGlobals) = postSolution
		SolutionGuid = {B40C757E-31BD-497E-AC11-4616C0E62DD9}
	EndGlobalSection
EndGlobal
